
Microsoft Visual Studio Solution File, Format Version 12.00
# Visual Studio 15
VisualStudioVersion = 15.0.27130.2036
MinimumVisualStudioVersion = 10.0.40219.1
Project("{9A19103F-16F7-4668-BE54-9A1E7A4F7556}") = "ShoppingCart", "ShoppingCart\ShoppingCart.csproj", "{4E677958-AFC4-46AB-A7C2-451A27198654}"
EndProject
Project("{FAE04EC0-301F-11D3-BF4B-00C04F79EFBC}") = "ProductCatalog", "ProductCatalog\ProductCatalog.csproj", "{81FB2B40-73DB-497D-8652-CBEDAEECC12C}"
EndProject
Global
	GlobalSection(SolutionConfigurationPlatforms) = preSolution
		Debug|Any CPU = Debug|Any CPU
		Release|Any CPU = Release|Any CPU
	EndGlobalSection
	GlobalSection(ProjectConfigurationPlatforms) = postSolution
		{4E677958-AFC4-46AB-A7C2-451A27198654}.Debug|Any CPU.ActiveCfg = Debug|Any CPU
		{4E677958-AFC4-46AB-A7C2-451A27198654}.Debug|Any CPU.Build.0 = Debug|Any CPU
		{4E677958-AFC4-46AB-A7C2-451A27198654}.Release|Any CPU.ActiveCfg = Release|Any CPU
		{4E677958-AFC4-46AB-A7C2-451A27198654}.Release|Any CPU.Build.0 = Release|Any CPU
		{81FB2B40-73DB-497D-8652-CBEDAEECC12C}.Debug|Any CPU.ActiveCfg = Debug|Any CPU
		{81FB2B40-73DB-497D-8652-CBEDAEECC12C}.Debug|Any CPU.Build.0 = Debug|Any CPU
		{81FB2B40-73DB-497D-8652-CBEDAEECC12C}.Release|Any CPU.ActiveCfg = Release|Any CPU
		{81FB2B40-73DB-497D-8652-CBEDAEECC12C}.Release|Any CPU.Build.0 = Release|Any CPU
	EndGlobalSection
	GlobalSection(SolutionProperties) = preSolution
		HideSolutionNode = FALSE
	EndGlobalSection
	GlobalSection(ExtensibilityGlobals) = postSolution
		SolutionGuid = {3B08A069-2805-4044-9D6A-876A4907AFBC}
	EndGlobalSection
EndGlobal
